{
  "version": 4,
  "terraform_version": "1.12.2",
  "serial": 227,
  "lineage": "8f55019d-d620-27fa-41a0-f9359dd643f6",
  "outputs": {
    "container_app_environment_name": {
      "value": "ai-prompt-api-env",
      "type": "string"
    },
    "container_app_name": {
      "value": "ai-prompt-api",
      "type": "string"
    },
    "container_app_url": {
      "value": "https://ai-prompt-api--0000003.gentleflower-bd955786.norwayeast.azurecontainerapps.io",
      "type": "string"
    },
    "container_registry_name": {
      "value": "davidpaarup",
      "type": "string"
    },
    "resource_group_name": {
      "value": "ai-prompt",
      "type": "string"
    }
  },
  "resources": [
    {
      "mode": "data",
      "type": "azurerm_client_config",
      "name": "current",
      "provider": "provider[\"registry.terraform.io/hashicorp/azurerm\"]",
      "instances": [
        {
          "schema_version": 0,
          "attributes": {
            "client_id": "04b07795-8ddb-461a-bbee-02f9e1bf7b46",
            "id": "Y2xpZW50Q29uZmlncy9jbGllbnRJZD0wNGIwNzc5NS04ZGRiLTQ2MWEtYmJlZS0wMmY5ZTFiZjdiNDY7b2JqZWN0SWQ9ODIzMjlhYmQtYmYzMS00MGVhLTgyOGQtNTQzZTc0YjNmYmUzO3N1YnNjcmlwdGlvbklkPTVkZTlkZDkzLWI0NWYtNDFmNi1iMzc2LWI3M2VkOTg0ODNmYjt0ZW5hbnRJZD1lN2VkOWQxMi0xNjdkLTQ5MDItYWRhZi01MGE1YTAyMGJkYzQ=",
            "object_id": "82329abd-bf31-40ea-828d-543e74b3fbe3",
            "subscription_id": "5de9dd93-b45f-41f6-b376-b73ed98483fb",
            "tenant_id": "e7ed9d12-167d-4902-adaf-50a5a020bdc4",
            "timeouts": null
          },
          "sensitive_attributes": [],
          "identity_schema_version": 0
        }
      ]
    },
    {
      "mode": "managed",
      "type": "azuread_application",
      "name": "github_actions",
      "provider": "provider[\"registry.terraform.io/hashicorp/azuread\"]",
      "instances": [
        {
          "schema_version": 2,
          "attributes": {
            "api": [
              {
                "known_client_applications": [],
                "mapped_claims_enabled": false,
                "oauth2_permission_scope": [],
                "requested_access_token_version": 1
              }
            ],
            "app_role": [],
            "app_role_ids": {},
            "application_id": "9d45775c-9fa3-4b14-8919-24f62ee00b99",
            "client_id": "9d45775c-9fa3-4b14-8919-24f62ee00b99",
            "description": "",
            "device_only_auth_enabled": false,
            "disabled_by_microsoft": "\u003cnil\u003e",
            "display_name": "github-actions-sp",
            "fallback_public_client_enabled": false,
            "feature_tags": [
              {
                "custom_single_sign_on": false,
                "enterprise": false,
                "gallery": false,
                "hide": false
              }
            ],
            "group_membership_claims": [],
            "id": "/applications/eb69e874-e28b-4f46-92df-4a6843261b5a",
            "identifier_uris": [],
            "logo_image": "",
            "logo_url": "",
            "marketing_url": "",
            "notes": "",
            "oauth2_permission_scope_ids": {},
            "oauth2_post_response_required": false,
            "object_id": "eb69e874-e28b-4f46-92df-4a6843261b5a",
            "optional_claims": [],
            "owners": [],
            "password": [],
            "prevent_duplicate_names": false,
            "privacy_statement_url": "",
            "public_client": [
              {
                "redirect_uris": []
              }
            ],
            "publisher_domain": "hidavidpaarup.onmicrosoft.com",
            "required_resource_access": [],
            "service_management_reference": "",
            "sign_in_audience": "AzureADMyOrg",
            "single_page_application": [
              {
                "redirect_uris": []
              }
            ],
            "support_url": "",
            "tags": [],
            "template_id": "",
            "terms_of_service_url": "",
            "timeouts": null,
            "web": [
              {
                "homepage_url": "",
                "implicit_grant": [
                  {
                    "access_token_issuance_enabled": false,
                    "id_token_issuance_enabled": false
                  }
                ],
                "logout_url": "",
                "redirect_uris": []
              }
            ]
          },
          "sensitive_attributes": [],
          "identity_schema_version": 0,
          "private": "eyJlMmJmYjczMC1lY2FhLTExZTYtOGY4OC0zNDM2M2JjN2M0YzAiOnsiY3JlYXRlIjo2MDAwMDAwMDAwMDAsImRlbGV0ZSI6MzAwMDAwMDAwMDAwLCJyZWFkIjozMDAwMDAwMDAwMDAsInVwZGF0ZSI6NjAwMDAwMDAwMDAwfSwic2NoZW1hX3ZlcnNpb24iOiIyIn0="
        }
      ]
    },
    {
      "mode": "managed",
      "type": "azuread_service_principal",
      "name": "github_actions",
      "provider": "provider[\"registry.terraform.io/hashicorp/azuread\"]",
      "instances": [
        {
          "schema_version": 0,
          "attributes": {
            "account_enabled": true,
            "alternative_names": [],
            "app_role_assignment_required": false,
            "app_role_ids": {},
            "app_roles": [],
            "application_id": "9d45775c-9fa3-4b14-8919-24f62ee00b99",
            "application_tenant_id": "e7ed9d12-167d-4902-adaf-50a5a020bdc4",
            "client_id": "9d45775c-9fa3-4b14-8919-24f62ee00b99",
            "description": "",
            "display_name": "github-actions-sp",
            "feature_tags": [
              {
                "custom_single_sign_on": false,
                "enterprise": false,
                "gallery": false,
                "hide": false
              }
            ],
            "features": [
              {
                "custom_single_sign_on_app": false,
                "enterprise_application": false,
                "gallery_application": false,
                "visible_to_users": true
              }
            ],
            "homepage_url": "",
            "id": "cc0b6b82-0f6e-4ef1-beb7-c3806d3039d7",
            "login_url": "",
            "logout_url": "",
            "notes": "",
            "notification_email_addresses": [],
            "oauth2_permission_scope_ids": {},
            "oauth2_permission_scopes": [],
            "object_id": "cc0b6b82-0f6e-4ef1-beb7-c3806d3039d7",
            "owners": [],
            "preferred_single_sign_on_mode": "",
            "redirect_uris": [],
            "saml_metadata_url": "",
            "saml_single_sign_on": [],
            "service_principal_names": [],
            "sign_in_audience": "AzureADMyOrg",
            "tags": [],
            "timeouts": null,
            "type": "Application",
            "use_existing": null
          },
          "sensitive_attributes": [],
          "identity_schema_version": 0,
          "private": "eyJlMmJmYjczMC1lY2FhLTExZTYtOGY4OC0zNDM2M2JjN2M0YzAiOnsiY3JlYXRlIjo2MDAwMDAwMDAwMDAsImRlbGV0ZSI6MzAwMDAwMDAwMDAwLCJyZWFkIjozMDAwMDAwMDAwMDAsInVwZGF0ZSI6NjAwMDAwMDAwMDAwfSwic2NoZW1hX3ZlcnNpb24iOiIwIn0=",
          "dependencies": [
            "azuread_application.github_actions"
          ]
        }
      ]
    },
    {
      "mode": "managed",
      "type": "azuread_service_principal_password",
      "name": "github_actions",
      "provider": "provider[\"registry.terraform.io/hashicorp/azuread\"]",
      "instances": [
        {
          "schema_version": 1,
          "attributes": {
            "display_name": null,
            "end_date": "2027-09-02T17:12:04Z",
            "end_date_relative": null,
            "id": "cc0b6b82-0f6e-4ef1-beb7-c3806d3039d7/password/b86292a9-c741-4005-98c5-59bc81c278c7",
            "key_id": "b86292a9-c741-4005-98c5-59bc81c278c7",
            "rotate_when_changed": null,
            "service_principal_id": "cc0b6b82-0f6e-4ef1-beb7-c3806d3039d7",
            "start_date": "2025-09-02T17:12:04Z",
            "timeouts": null,
            "value": "Fi48Q~yQzbP~070zv3kjb34SduO2~gKlFwHDpc97"
          },
          "sensitive_attributes": [
            [
              {
                "type": "get_attr",
                "value": "value"
              }
            ]
          ],
          "identity_schema_version": 0,
          "private": "eyJlMmJmYjczMC1lY2FhLTExZTYtOGY4OC0zNDM2M2JjN2M0YzAiOnsiY3JlYXRlIjozMDAwMDAwMDAwMDAsImRlbGV0ZSI6MzAwMDAwMDAwMDAwLCJyZWFkIjozMDAwMDAwMDAwMDB9LCJzY2hlbWFfdmVyc2lvbiI6IjEifQ==",
          "dependencies": [
            "azuread_application.github_actions",
            "azuread_service_principal.github_actions"
          ]
        }
      ]
    },
    {
      "mode": "managed",
      "type": "azurerm_container_app",
      "name": "api",
      "provider": "provider[\"registry.terraform.io/hashicorp/azurerm\"]",
      "instances": [
        {
          "schema_version": 0,
          "attributes": {
            "container_app_environment_id": "/subscriptions/5de9dd93-b45f-41f6-b376-b73ed98483fb/resourceGroups/ai-prompt/providers/Microsoft.App/managedEnvironments/ai-prompt-api-env",
            "custom_domain_verification_id": "3AC4EF7E9F25CDC58D6FFB453B3E519A4F22C0D49FEBD848D03542CC4755BAEF",
            "dapr": [],
            "id": "/subscriptions/5de9dd93-b45f-41f6-b376-b73ed98483fb/resourceGroups/ai-prompt/providers/Microsoft.App/containerApps/ai-prompt-api",
            "identity": [],
            "ingress": [
              {
                "allow_insecure_connections": false,
                "custom_domain": [],
                "exposed_port": 0,
                "external_enabled": true,
                "fqdn": "ai-prompt-api.gentleflower-bd955786.norwayeast.azurecontainerapps.io",
                "ip_security_restriction": [],
                "target_port": 8080,
                "traffic_weight": [
                  {
                    "label": "",
                    "latest_revision": true,
                    "percentage": 100,
                    "revision_suffix": ""
                  }
                ],
                "transport": "auto"
              }
            ],
            "latest_revision_fqdn": "ai-prompt-api--0000004.gentleflower-bd955786.norwayeast.azurecontainerapps.io",
            "latest_revision_name": "ai-prompt-api--0000004",
            "location": "norwayeast",
            "name": "ai-prompt-api",
            "outbound_ip_addresses": [
              "20.251.120.162"
            ],
            "registry": [
              {
                "identity": "",
                "password_secret_name": "acr-password",
                "server": "davidpaarup.azurecr.io",
                "username": "davidpaarup"
              }
            ],
            "resource_group_name": "ai-prompt",
            "revision_mode": "Single",
            "secret": [
              {
                "identity": "",
                "key_vault_secret_id": "",
                "name": "acr-password",
                "value": "cIMMSY5G4KHz9cBbZAHoxGgoLWJ41aNtbEMYms6M4e+ACRCOsUZM"
              }
            ],
            "tags": {},
            "template": [
              {
                "azure_queue_scale_rule": [],
                "container": [
                  {
                    "args": [],
                    "command": [],
                    "cpu": 0.5,
                    "env": [
                      {
                        "name": "ASPNETCORE_ENVIRONMENT",
                        "secret_name": "",
                        "value": "Production"
                      },
                      {
                        "name": "ASPNETCORE_URLS",
                        "secret_name": "",
                        "value": "http://0.0.0.0:8080"
                      },
                      {
                        "name": "ClientSecret",
                        "secret_name": "",
                        "value": "Fi48Q~yQzbP~070zv3kjb34SduO2~gKlFwHDpc97"
                      },
                      {
                        "name": "OpenAIKey",
                        "secret_name": "",
                        "value": "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"
                      }
                    ],
                    "ephemeral_storage": "2Gi",
                    "image": "mcr.microsoft.com/azuredocs/containerapps-helloworld:latest",
                    "liveness_probe": [],
                    "memory": "1Gi",
                    "name": "api",
                    "readiness_probe": [],
                    "startup_probe": [],
                    "volume_mounts": []
                  }
                ],
                "custom_scale_rule": [],
                "http_scale_rule": [],
                "init_container": [],
                "max_replicas": 1,
                "min_replicas": 0,
                "revision_suffix": "",
                "tcp_scale_rule": [],
                "volume": []
              }
            ],
            "timeouts": null,
            "workload_profile_name": ""
          },
          "sensitive_attributes": [
            [
              {
                "type": "get_attr",
                "value": "custom_domain_verification_id"
              }
            ],
            [
              {
                "type": "get_attr",
                "value": "secret"
              }
            ],
            [
              {
                "type": "get_attr",
                "value": "template"
              },
              {
                "type": "index",
                "value": {
                  "value": 0,
                  "type": "number"
                }
              },
              {
                "type": "get_attr",
                "value": "container"
              },
              {
                "type": "index",
                "value": {
                  "value": 0,
                  "type": "number"
                }
              },
              {
                "type": "get_attr",
                "value": "env"
              },
              {
                "type": "index",
                "value": {
                  "value": 2,
                  "type": "number"
                }
              },
              {
                "type": "get_attr",
                "value": "value"
              }
            ],
            [
              {
                "type": "get_attr",
                "value": "template"
              },
              {
                "type": "index",
                "value": {
                  "value": 0,
                  "type": "number"
                }
              },
              {
                "type": "get_attr",
                "value": "container"
              },
              {
                "type": "index",
                "value": {
                  "value": 0,
                  "type": "number"
                }
              },
              {
                "type": "get_attr",
                "value": "env"
              },
              {
                "type": "index",
                "value": {
                  "value": 3,
                  "type": "number"
                }
              },
              {
                "type": "get_attr",
                "value": "value"
              }
            ]
          ],
          "identity_schema_version": 0,
          "private": "eyJlMmJmYjczMC1lY2FhLTExZTYtOGY4OC0zNDM2M2JjN2M0YzAiOnsiY3JlYXRlIjoxODAwMDAwMDAwMDAwLCJkZWxldGUiOjE4MDAwMDAwMDAwMDAsInJlYWQiOjMwMDAwMDAwMDAwMCwidXBkYXRlIjoxODAwMDAwMDAwMDAwfX0=",
          "dependencies": [
            "azuread_application.github_actions",
            "azuread_service_principal.github_actions",
            "azuread_service_principal_password.github_actions",
            "azurerm_container_app_environment.main",
            "azurerm_container_registry.main",
            "azurerm_resource_group.main"
          ]
        }
      ]
    },
    {
      "mode": "managed",
      "type": "azurerm_container_app_environment",
      "name": "main",
      "provider": "provider[\"registry.terraform.io/hashicorp/azurerm\"]",
      "instances": [
        {
          "schema_version": 0,
          "attributes": {
            "custom_domain_verification_id": "3AC4EF7E9F25CDC58D6FFB453B3E519A4F22C0D49FEBD848D03542CC4755BAEF",
            "dapr_application_insights_connection_string": "",
            "default_domain": "gentleflower-bd955786.norwayeast.azurecontainerapps.io",
            "docker_bridge_cidr": "",
            "id": "/subscriptions/5de9dd93-b45f-41f6-b376-b73ed98483fb/resourceGroups/ai-prompt/providers/Microsoft.App/managedEnvironments/ai-prompt-api-env",
            "infrastructure_resource_group_name": "",
            "infrastructure_subnet_id": "",
            "internal_load_balancer_enabled": false,
            "location": "norwayeast",
            "log_analytics_workspace_id": "",
            "mutual_tls_enabled": false,
            "name": "ai-prompt-api-env",
            "platform_reserved_cidr": "",
            "platform_reserved_dns_ip_address": "",
            "resource_group_name": "ai-prompt",
            "static_ip_address": "4.177.16.70",
            "tags": {},
            "timeouts": null,
            "workload_profile": [],
            "zone_redundancy_enabled": false
          },
          "sensitive_attributes": [
            [
              {
                "type": "get_attr",
                "value": "dapr_application_insights_connection_string"
              }
            ]
          ],
          "identity_schema_version": 0,
          "private": "eyJlMmJmYjczMC1lY2FhLTExZTYtOGY4OC0zNDM2M2JjN2M0YzAiOnsiY3JlYXRlIjoxODAwMDAwMDAwMDAwLCJkZWxldGUiOjE4MDAwMDAwMDAwMDAsInJlYWQiOjMwMDAwMDAwMDAwMCwidXBkYXRlIjoxODAwMDAwMDAwMDAwfX0=",
          "dependencies": [
            "azurerm_resource_group.main"
          ]
        }
      ]
    },
    {
      "mode": "managed",
      "type": "azurerm_container_registry",
      "name": "main",
      "provider": "provider[\"registry.terraform.io/hashicorp/azurerm\"]",
      "instances": [
        {
          "schema_version": 2,
          "attributes": {
            "admin_enabled": true,
            "admin_password": "cIMMSY5G4KHz9cBbZAHoxGgoLWJ41aNtbEMYms6M4e+ACRCOsUZM",
            "admin_username": "davidpaarup",
            "anonymous_pull_enabled": false,
            "data_endpoint_enabled": false,
            "encryption": [
              {
                "enabled": false,
                "identity_client_id": "",
                "key_vault_key_id": ""
              }
            ],
            "export_policy_enabled": true,
            "georeplications": [],
            "id": "/subscriptions/5de9dd93-b45f-41f6-b376-b73ed98483fb/resourceGroups/ai-prompt/providers/Microsoft.ContainerRegistry/registries/davidpaarup",
            "identity": [],
            "location": "norwayeast",
            "login_server": "davidpaarup.azurecr.io",
            "name": "davidpaarup",
            "network_rule_bypass_option": "AzureServices",
            "network_rule_set": [],
            "public_network_access_enabled": true,
            "quarantine_policy_enabled": false,
            "resource_group_name": "ai-prompt",
            "retention_policy": [
              {
                "days": 7,
                "enabled": false
              }
            ],
            "sku": "Basic",
            "tags": {},
            "timeouts": null,
            "trust_policy": [
              {
                "enabled": false
              }
            ],
            "zone_redundancy_enabled": false
          },
          "sensitive_attributes": [
            [
              {
                "type": "get_attr",
                "value": "admin_password"
              }
            ]
          ],
          "identity_schema_version": 0,
          "private": "eyJlMmJmYjczMC1lY2FhLTExZTYtOGY4OC0zNDM2M2JjN2M0YzAiOnsiY3JlYXRlIjoxODAwMDAwMDAwMDAwLCJkZWxldGUiOjE4MDAwMDAwMDAwMDAsInJlYWQiOjMwMDAwMDAwMDAwMCwidXBkYXRlIjoxODAwMDAwMDAwMDAwfSwic2NoZW1hX3ZlcnNpb24iOiIyIn0=",
          "dependencies": [
            "azurerm_resource_group.main"
          ]
        }
      ]
    },
    {
      "mode": "managed",
      "type": "azurerm_key_vault",
      "name": "main",
      "provider": "provider[\"registry.terraform.io/hashicorp/azurerm\"]",
      "instances": [
        {
          "schema_version": 2,
          "attributes": {
            "access_policy": [
              {
                "application_id": "",
                "certificate_permissions": [],
                "key_permissions": [],
                "object_id": "82329abd-bf31-40ea-828d-543e74b3fbe3",
                "secret_permissions": [
                  "Get",
                  "List",
                  "Set",
                  "Delete",
                  "Recover",
                  "Backup",
                  "Restore",
                  "Purge"
                ],
                "storage_permissions": [],
                "tenant_id": "e7ed9d12-167d-4902-adaf-50a5a020bdc4"
              },
              {
                "application_id": "",
                "certificate_permissions": [],
                "key_permissions": [],
                "object_id": "cc0b6b82-0f6e-4ef1-beb7-c3806d3039d7",
                "secret_permissions": [
                  "Get",
                  "List"
                ],
                "storage_permissions": [],
                "tenant_id": "e7ed9d12-167d-4902-adaf-50a5a020bdc4"
              }
            ],
            "contact": [],
            "enable_rbac_authorization": false,
            "enabled_for_deployment": false,
            "enabled_for_disk_encryption": false,
            "enabled_for_template_deployment": false,
            "id": "/subscriptions/5de9dd93-b45f-41f6-b376-b73ed98483fb/resourceGroups/ai-prompt/providers/Microsoft.KeyVault/vaults/ai-prompt-api-kv",
            "location": "norwayeast",
            "name": "ai-prompt-api-kv",
            "network_acls": [
              {
                "bypass": "AzureServices",
                "default_action": "Allow",
                "ip_rules": [],
                "virtual_network_subnet_ids": []
              }
            ],
            "public_network_access_enabled": true,
            "purge_protection_enabled": false,
            "resource_group_name": "ai-prompt",
            "sku_name": "standard",
            "soft_delete_retention_days": 7,
            "tags": {},
            "tenant_id": "e7ed9d12-167d-4902-adaf-50a5a020bdc4",
            "timeouts": null,
            "vault_uri": "https://ai-prompt-api-kv.vault.azure.net/"
          },
          "sensitive_attributes": [],
          "identity_schema_version": 0,
          "private": "eyJlMmJmYjczMC1lY2FhLTExZTYtOGY4OC0zNDM2M2JjN2M0YzAiOnsiY3JlYXRlIjoxODAwMDAwMDAwMDAwLCJkZWxldGUiOjE4MDAwMDAwMDAwMDAsInJlYWQiOjMwMDAwMDAwMDAwMCwidXBkYXRlIjoxODAwMDAwMDAwMDAwfSwic2NoZW1hX3ZlcnNpb24iOiIyIn0=",
          "dependencies": [
            "azuread_application.github_actions",
            "azuread_service_principal.github_actions",
            "azurerm_resource_group.main",
            "data.azurerm_client_config.current"
          ]
        }
      ]
    },
    {
      "mode": "managed",
      "type": "azurerm_key_vault_secret",
      "name": "github_actions_client_secret",
      "provider": "provider[\"registry.terraform.io/hashicorp/azurerm\"]",
      "instances": [
        {
          "schema_version": 0,
          "attributes": {
            "content_type": "",
            "expiration_date": null,
            "id": "https://ai-prompt-api-kv.vault.azure.net/secrets/client-secret/8c6847b0dc524a0faf7e2fb1d398bd51",
            "key_vault_id": "/subscriptions/5de9dd93-b45f-41f6-b376-b73ed98483fb/resourceGroups/ai-prompt/providers/Microsoft.KeyVault/vaults/ai-prompt-api-kv",
            "name": "client-secret",
            "not_before_date": null,
            "resource_id": "/subscriptions/5de9dd93-b45f-41f6-b376-b73ed98483fb/resourceGroups/ai-prompt/providers/Microsoft.KeyVault/vaults/ai-prompt-api-kv/secrets/client-secret/versions/8c6847b0dc524a0faf7e2fb1d398bd51",
            "resource_versionless_id": "/subscriptions/5de9dd93-b45f-41f6-b376-b73ed98483fb/resourceGroups/ai-prompt/providers/Microsoft.KeyVault/vaults/ai-prompt-api-kv/secrets/client-secret",
            "tags": {},
            "timeouts": null,
            "value": "Fi48Q~yQzbP~070zv3kjb34SduO2~gKlFwHDpc97",
            "version": "8c6847b0dc524a0faf7e2fb1d398bd51",
            "versionless_id": "https://ai-prompt-api-kv.vault.azure.net/secrets/client-secret"
          },
          "sensitive_attributes": [
            [
              {
                "type": "get_attr",
                "value": "value"
              }
            ]
          ],
          "identity_schema_version": 0,
          "private": "eyJlMmJmYjczMC1lY2FhLTExZTYtOGY4OC0zNDM2M2JjN2M0YzAiOnsiY3JlYXRlIjoxODAwMDAwMDAwMDAwLCJkZWxldGUiOjE4MDAwMDAwMDAwMDAsInJlYWQiOjE4MDAwMDAwMDAwMDAsInVwZGF0ZSI6MTgwMDAwMDAwMDAwMH19",
          "dependencies": [
            "azuread_application.github_actions",
            "azuread_service_principal.github_actions",
            "azuread_service_principal_password.github_actions",
            "azurerm_key_vault.main",
            "azurerm_resource_group.main",
            "data.azurerm_client_config.current"
          ]
        }
      ]
    },
    {
      "mode": "managed",
      "type": "azurerm_key_vault_secret",
      "name": "sql_admin_password",
      "provider": "provider[\"registry.terraform.io/hashicorp/azurerm\"]",
      "instances": [
        {
          "schema_version": 0,
          "attributes": {
            "content_type": "",
            "expiration_date": null,
            "id": "https://ai-prompt-api-kv.vault.azure.net/secrets/sql-admin-password/290065193efe4c50a24d11e88eb17477",
            "key_vault_id": "/subscriptions/5de9dd93-b45f-41f6-b376-b73ed98483fb/resourceGroups/ai-prompt/providers/Microsoft.KeyVault/vaults/ai-prompt-api-kv",
            "name": "sql-admin-password",
            "not_before_date": null,
            "resource_id": "/subscriptions/5de9dd93-b45f-41f6-b376-b73ed98483fb/resourceGroups/ai-prompt/providers/Microsoft.KeyVault/vaults/ai-prompt-api-kv/secrets/sql-admin-password/versions/290065193efe4c50a24d11e88eb17477",
            "resource_versionless_id": "/subscriptions/5de9dd93-b45f-41f6-b376-b73ed98483fb/resourceGroups/ai-prompt/providers/Microsoft.KeyVault/vaults/ai-prompt-api-kv/secrets/sql-admin-password",
            "tags": {},
            "timeouts": null,
            "value": "qonrod-cixhuw-bifcU9",
            "version": "290065193efe4c50a24d11e88eb17477",
            "versionless_id": "https://ai-prompt-api-kv.vault.azure.net/secrets/sql-admin-password"
          },
          "sensitive_attributes": [
            [
              {
                "type": "get_attr",
                "value": "value"
              }
            ]
          ],
          "identity_schema_version": 0,
          "private": "eyJlMmJmYjczMC1lY2FhLTExZTYtOGY4OC0zNDM2M2JjN2M0YzAiOnsiY3JlYXRlIjoxODAwMDAwMDAwMDAwLCJkZWxldGUiOjE4MDAwMDAwMDAwMDAsInJlYWQiOjE4MDAwMDAwMDAwMDAsInVwZGF0ZSI6MTgwMDAwMDAwMDAwMH19",
          "dependencies": [
            "azuread_application.github_actions",
            "azuread_service_principal.github_actions",
            "azurerm_key_vault.main",
            "azurerm_resource_group.main",
            "data.azurerm_client_config.current"
          ]
        }
      ]
    },
    {
      "mode": "managed",
      "type": "azurerm_mssql_database",
      "name": "ai_prompt",
      "provider": "provider[\"registry.terraform.io/hashicorp/azurerm\"]",
      "instances": [
        {
          "schema_version": 1,
          "attributes": {
            "auto_pause_delay_in_minutes": 0,
            "collation": "SQL_Latin1_General_CP1_CI_AS",
            "create_mode": "Default",
            "creation_source_database_id": null,
            "elastic_pool_id": "",
            "enclave_type": "",
            "geo_backup_enabled": true,
            "id": "/subscriptions/5de9dd93-b45f-41f6-b376-b73ed98483fb/resourceGroups/ai-prompt/providers/Microsoft.Sql/servers/ai-prompt/databases/ai-prompt",
            "identity": [],
            "import": [],
            "ledger_enabled": false,
            "license_type": "LicenseIncluded",
            "long_term_retention_policy": [
              {
                "immutable_backups_enabled": false,
                "monthly_retention": "PT0S",
                "week_of_year": 1,
                "weekly_retention": "PT0S",
                "yearly_retention": "PT0S"
              }
            ],
            "maintenance_configuration_name": "SQL_Default",
            "max_size_gb": 2,
            "min_capacity": 0,
            "name": "ai-prompt",
            "read_replica_count": 0,
            "read_scale": false,
            "recover_database_id": null,
            "recovery_point_id": null,
            "restore_dropped_database_id": null,
            "restore_long_term_retention_backup_id": null,
            "restore_point_in_time": null,
            "sample_name": null,
            "secondary_type": "",
            "server_id": "/subscriptions/5de9dd93-b45f-41f6-b376-b73ed98483fb/resourceGroups/ai-prompt/providers/Microsoft.Sql/servers/ai-prompt",
            "short_term_retention_policy": [
              {
                "backup_interval_in_hours": 24,
                "retention_days": 7
              }
            ],
            "sku_name": "Basic",
            "storage_account_type": "Geo",
            "tags": {},
            "threat_detection_policy": [
              {
                "disabled_alerts": [],
                "email_account_admins": "Disabled",
                "email_addresses": [],
                "retention_days": 0,
                "state": "Disabled",
                "storage_account_access_key": "",
                "storage_endpoint": ""
              }
            ],
            "timeouts": null,
            "transparent_data_encryption_enabled": true,
            "transparent_data_encryption_key_automatic_rotation_enabled": false,
            "transparent_data_encryption_key_vault_key_id": "",
            "zone_redundant": false
          },
          "sensitive_attributes": [
            [
              {
                "type": "get_attr",
                "value": "threat_detection_policy"
              },
              {
                "type": "index",
                "value": {
                  "value": 0,
                  "type": "number"
                }
              },
              {
                "type": "get_attr",
                "value": "storage_account_access_key"
              }
            ]
          ],
          "identity_schema_version": 0,
          "private": "eyJlMmJmYjczMC1lY2FhLTExZTYtOGY4OC0zNDM2M2JjN2M0YzAiOnsiY3JlYXRlIjozNjAwMDAwMDAwMDAwLCJkZWxldGUiOjM2MDAwMDAwMDAwMDAsInJlYWQiOjMwMDAwMDAwMDAwMCwidXBkYXRlIjozNjAwMDAwMDAwMDAwfSwic2NoZW1hX3ZlcnNpb24iOiIxIn0=",
          "dependencies": [
            "azurerm_mssql_server.ai_prompt",
            "azurerm_resource_group.main"
          ]
        }
      ]
    },
    {
      "mode": "managed",
      "type": "azurerm_mssql_firewall_rule",
      "name": "allow_all_ips",
      "provider": "provider[\"registry.terraform.io/hashicorp/azurerm\"]",
      "instances": [
        {
          "schema_version": 0,
          "attributes": {
            "end_ip_address": "255.255.255.255",
            "id": "/subscriptions/5de9dd93-b45f-41f6-b376-b73ed98483fb/resourceGroups/ai-prompt/providers/Microsoft.Sql/servers/ai-prompt/firewallRules/AllowAllIPs",
            "name": "AllowAllIPs",
            "server_id": "/subscriptions/5de9dd93-b45f-41f6-b376-b73ed98483fb/resourceGroups/ai-prompt/providers/Microsoft.Sql/servers/ai-prompt",
            "start_ip_address": "0.0.0.0",
            "timeouts": null
          },
          "sensitive_attributes": [],
          "identity_schema_version": 0,
          "private": "eyJlMmJmYjczMC1lY2FhLTExZTYtOGY4OC0zNDM2M2JjN2M0YzAiOnsiY3JlYXRlIjoxODAwMDAwMDAwMDAwLCJkZWxldGUiOjE4MDAwMDAwMDAwMDAsInJlYWQiOjMwMDAwMDAwMDAwMCwidXBkYXRlIjoxODAwMDAwMDAwMDAwfX0=",
          "dependencies": [
            "azurerm_mssql_server.ai_prompt",
            "azurerm_resource_group.main"
          ]
        }
      ]
    },
    {
      "mode": "managed",
      "type": "azurerm_mssql_server",
      "name": "ai_prompt",
      "provider": "provider[\"registry.terraform.io/hashicorp/azurerm\"]",
      "instances": [
        {
          "schema_version": 0,
          "attributes": {
            "administrator_login": "ai-prompt",
            "administrator_login_password": "qonrod-cixhuw-bifcU9",
            "azuread_administrator": [],
            "connection_policy": "Default",
            "fully_qualified_domain_name": "ai-prompt.database.windows.net",
            "id": "/subscriptions/5de9dd93-b45f-41f6-b376-b73ed98483fb/resourceGroups/ai-prompt/providers/Microsoft.Sql/servers/ai-prompt",
            "identity": [],
            "location": "norwayeast",
            "minimum_tls_version": "1.2",
            "name": "ai-prompt",
            "outbound_network_restriction_enabled": false,
            "primary_user_assigned_identity_id": "",
            "public_network_access_enabled": true,
            "resource_group_name": "ai-prompt",
            "restorable_dropped_database_ids": [],
            "tags": {},
            "timeouts": null,
            "transparent_data_encryption_key_vault_key_id": "",
            "version": "12.0"
          },
          "sensitive_attributes": [
            [
              {
                "type": "get_attr",
                "value": "administrator_login_password"
              }
            ]
          ],
          "identity_schema_version": 0,
          "private": "eyJlMmJmYjczMC1lY2FhLTExZTYtOGY4OC0zNDM2M2JjN2M0YzAiOnsiY3JlYXRlIjozNjAwMDAwMDAwMDAwLCJkZWxldGUiOjM2MDAwMDAwMDAwMDAsInJlYWQiOjMwMDAwMDAwMDAwMCwidXBkYXRlIjozNjAwMDAwMDAwMDAwfX0=",
          "dependencies": [
            "azurerm_resource_group.main"
          ]
        }
      ]
    },
    {
      "mode": "managed",
      "type": "azurerm_resource_group",
      "name": "main",
      "provider": "provider[\"registry.terraform.io/hashicorp/azurerm\"]",
      "instances": [
        {
          "schema_version": 0,
          "attributes": {
            "id": "/subscriptions/5de9dd93-b45f-41f6-b376-b73ed98483fb/resourceGroups/ai-prompt",
            "location": "norwayeast",
            "managed_by": "",
            "name": "ai-prompt",
            "tags": {},
            "timeouts": null
          },
          "sensitive_attributes": [],
          "identity_schema_version": 0,
          "private": "eyJlMmJmYjczMC1lY2FhLTExZTYtOGY4OC0zNDM2M2JjN2M0YzAiOnsiY3JlYXRlIjo1NDAwMDAwMDAwMDAwLCJkZWxldGUiOjU0MDAwMDAwMDAwMDAsInJlYWQiOjMwMDAwMDAwMDAwMCwidXBkYXRlIjo1NDAwMDAwMDAwMDAwfX0="
        }
      ]
    }
  ],
  "check_results": [
    {
      "object_kind": "var",
      "config_addr": "var.container_registry_name",
      "status": "pass",
      "objects": [
        {
          "object_addr": "var.container_registry_name",
          "status": "pass"
        }
      ]
    },
    {
      "object_kind": "var",
      "config_addr": "var.container_cpu",
      "status": "pass",
      "objects": [
        {
          "object_addr": "var.container_cpu",
          "status": "pass"
        }
      ]
    },
    {
      "object_kind": "var",
      "config_addr": "var.acr_sku",
      "status": "pass",
      "objects": [
        {
          "object_addr": "var.acr_sku",
          "status": "pass"
        }
      ]
    },
    {
      "object_kind": "var",
      "config_addr": "var.container_memory",
      "status": "pass",
      "objects": [
        {
          "object_addr": "var.container_memory",
          "status": "pass"
        }
      ]
    }
  ]
}
